
Microsoft Visual Studio Solution File, Format Version 12.00
# Visual Studio Version 16
VisualStudioVersion = 16.0.35130.168
MinimumVisualStudioVersion = 10.0.40219.1
Project("{FAE04EC0-301F-11D3-BF4B-00C04F79EFBC}") = "Conexionbasededatos", "Conexionbasededatos\Conexionbasededatos.csproj", "{C0CE5757-5BE4-46E9-9D99-E7F44420D881}"
EndProject
Global
	GlobalSection(SolutionConfigurationPlatforms) = preSolution
		Debug|Any CPU = Debug|Any CPU
		Release|Any CPU = Release|Any CPU
	EndGlobalSection
	GlobalSection(ProjectConfigurationPlatforms) = postSolution
		{C0CE5757-5BE4-46E9-9D99-E7F44420D881}.Debug|Any CPU.ActiveCfg = Debug|Any CPU
		{C0CE5757-5BE4-46E9-9D99-E7F44420D881}.Debug|Any CPU.Build.0 = Debug|Any CPU
		{C0CE5757-5BE4-46E9-9D99-E7F44420D881}.Release|Any CPU.ActiveCfg = Release|Any CPU
		{C0CE5757-5BE4-46E9-9D99-E7F44420D881}.Release|Any CPU.Build.0 = Release|Any CPU
	EndGlobalSection
	GlobalSection(SolutionProperties) = preSolution
		HideSolutionNode = FALSE
	EndGlobalSection
	GlobalSection(ExtensibilityGlobals) = postSolution
		SolutionGuid = {1CA8CB33-70EF-461F-A4AC-A4CE29DB9C88}
	EndGlobalSection
EndGlobal
